{
  "object": {
    "pins": [
      {
        "package": "ConfettiView",
        "repositoryURL": "https://github.com/ziligy/ConfettiView",
        "state": {
          "branch": null,
          "revision": "296020d5553799f0cdf77470138a8822d8e1e133",
          "version": "1.1.0"
        }
      }
    ]
  },
  "version": 1
}
